
Microsoft Visual Studio Solution File, Format Version 12.00
# Visual Studio Version 16
VisualStudioVersion = 16.0.30621.155
MinimumVisualStudioVersion = 10.0.40219.1
Project("{9A19103F-16F7-4668-BE54-9A1E7A4F7556}") = "AnomalyDetection", "AnomalyDetection\AnomalyDetection.csproj", "{54CD0576-C04C-43C4-9C04-84D1281106AD}"
EndProject
Project("{9A19103F-16F7-4668-BE54-9A1E7A4F7556}") = "AnomalyDetection.Client", "AnomalyDetection.Client\AnomalyDetection.Client.csproj", "{81D1A6FD-32F6-4116-96D4-5128BD3BE023}"
EndProject
Project("{9A19103F-16F7-4668-BE54-9A1E7A4F7556}") = "AnomalyDetection.Metrics", "AnomalyDetection.Metrics\AnomalyDetection.Metrics.csproj", "{CBC93D6A-A7AF-4389-9BC6-D986B6A81F5D}"
EndProject
Project("{9A19103F-16F7-4668-BE54-9A1E7A4F7556}") = "AnomalyDetection.Data", "AnomalyDetection.Data\AnomalyDetection.Data.csproj", "{05D88D9D-E592-4E5B-A584-B9EBF952FCCE}"
EndProject
Project("{FAE04EC0-301F-11D3-BF4B-00C04F79EFBC}") = "AnomalyDetection.Application", "AnomalyDetection.Application\AnomalyDetection.Application.csproj", "{69D5530F-47FD-4729-8F14-AAAB2E37A8C5}"
EndProject
Global
	GlobalSection(SolutionConfigurationPlatforms) = preSolution
		Debug|Any CPU = Debug|Any CPU
		Release|Any CPU = Release|Any CPU
	EndGlobalSection
	GlobalSection(ProjectConfigurationPlatforms) = postSolution
		{54CD0576-C04C-43C4-9C04-84D1281106AD}.Debug|Any CPU.ActiveCfg = Debug|Any CPU
		{54CD0576-C04C-43C4-9C04-84D1281106AD}.Debug|Any CPU.Build.0 = Debug|Any CPU
		{54CD0576-C04C-43C4-9C04-84D1281106AD}.Release|Any CPU.ActiveCfg = Release|Any CPU
		{54CD0576-C04C-43C4-9C04-84D1281106AD}.Release|Any CPU.Build.0 = Release|Any CPU
		{81D1A6FD-32F6-4116-96D4-5128BD3BE023}.Debug|Any CPU.ActiveCfg = Debug|Any CPU
		{81D1A6FD-32F6-4116-96D4-5128BD3BE023}.Debug|Any CPU.Build.0 = Debug|Any CPU
		{81D1A6FD-32F6-4116-96D4-5128BD3BE023}.Release|Any CPU.ActiveCfg = Release|Any CPU
		{81D1A6FD-32F6-4116-96D4-5128BD3BE023}.Release|Any CPU.Build.0 = Release|Any CPU
		{CBC93D6A-A7AF-4389-9BC6-D986B6A81F5D}.Debug|Any CPU.ActiveCfg = Debug|Any CPU
		{CBC93D6A-A7AF-4389-9BC6-D986B6A81F5D}.Debug|Any CPU.Build.0 = Debug|Any CPU
		{CBC93D6A-A7AF-4389-9BC6-D986B6A81F5D}.Release|Any CPU.ActiveCfg = Release|Any CPU
		{CBC93D6A-A7AF-4389-9BC6-D986B6A81F5D}.Release|Any CPU.Build.0 = Release|Any CPU
		{05D88D9D-E592-4E5B-A584-B9EBF952FCCE}.Debug|Any CPU.ActiveCfg = Debug|Any CPU
		{05D88D9D-E592-4E5B-A584-B9EBF952FCCE}.Debug|Any CPU.Build.0 = Debug|Any CPU
		{05D88D9D-E592-4E5B-A584-B9EBF952FCCE}.Release|Any CPU.ActiveCfg = Release|Any CPU
		{05D88D9D-E592-4E5B-A584-B9EBF952FCCE}.Release|Any CPU.Build.0 = Release|Any CPU
		{69D5530F-47FD-4729-8F14-AAAB2E37A8C5}.Debug|Any CPU.ActiveCfg = Debug|Any CPU
		{69D5530F-47FD-4729-8F14-AAAB2E37A8C5}.Debug|Any CPU.Build.0 = Debug|Any CPU
		{69D5530F-47FD-4729-8F14-AAAB2E37A8C5}.Release|Any CPU.ActiveCfg = Release|Any CPU
		{69D5530F-47FD-4729-8F14-AAAB2E37A8C5}.Release|Any CPU.Build.0 = Release|Any CPU
	EndGlobalSection
	GlobalSection(SolutionProperties) = preSolution
		HideSolutionNode = FALSE
	EndGlobalSection
	GlobalSection(ExtensibilityGlobals) = postSolution
		SolutionGuid = {771E9347-E866-4CBF-9672-8292EE53361B}
	EndGlobalSection
EndGlobal
