
Microsoft Visual Studio Solution File, Format Version 12.00
# Visual Studio Version 16
VisualStudioVersion = 16.0.29728.190
MinimumVisualStudioVersion = 10.0.40219.1
Project("{9A19103F-16F7-4668-BE54-9A1E7A4F7556}") = "MovieDatabase.DAL", "MovieDatabase.DAL\MovieDatabase.DAL.csproj", "{AEAE7F0D-AB27-41DA-AA6C-054B196CEF86}"
EndProject
Project("{9A19103F-16F7-4668-BE54-9A1E7A4F7556}") = "MovieDatabase.DAL.Tests", "MovieDatabase.DAL.Tests\MovieDatabase.DAL.Tests.csproj", "{C6A207C0-FCAE-4D73-BFD6-9E5CEF036D83}"
EndProject
Project("{9A19103F-16F7-4668-BE54-9A1E7A4F7556}") = "MovieDatabase.BL", "MovieDatabase.BL\MovieDatabase.BL.csproj", "{588A59D4-F798-4106-A272-CDB81EDFA9A7}"
EndProject
Project("{9A19103F-16F7-4668-BE54-9A1E7A4F7556}") = "MovieDatabase.BL.Tests", "MovieDatabase.BL.Tests\MovieDatabase.BL.Tests.csproj", "{8DA7D687-D970-471C-9E28-DEA4C6028C85}"
EndProject
Project("{9A19103F-16F7-4668-BE54-9A1E7A4F7556}") = "MovieDatabase.App", "MovieDatabase.App\MovieDatabase.App.csproj", "{4EAC53B4-91BA-4224-9224-3DE5EEC9C35D}"
EndProject
Global
	GlobalSection(SolutionConfigurationPlatforms) = preSolution
		Debug|Any CPU = Debug|Any CPU
		Release|Any CPU = Release|Any CPU
	EndGlobalSection
	GlobalSection(ProjectConfigurationPlatforms) = postSolution
		{AEAE7F0D-AB27-41DA-AA6C-054B196CEF86}.Debug|Any CPU.ActiveCfg = Debug|Any CPU
		{AEAE7F0D-AB27-41DA-AA6C-054B196CEF86}.Debug|Any CPU.Build.0 = Debug|Any CPU
		{AEAE7F0D-AB27-41DA-AA6C-054B196CEF86}.Release|Any CPU.ActiveCfg = Release|Any CPU
		{AEAE7F0D-AB27-41DA-AA6C-054B196CEF86}.Release|Any CPU.Build.0 = Release|Any CPU
		{C6A207C0-FCAE-4D73-BFD6-9E5CEF036D83}.Debug|Any CPU.ActiveCfg = Debug|Any CPU
		{C6A207C0-FCAE-4D73-BFD6-9E5CEF036D83}.Debug|Any CPU.Build.0 = Debug|Any CPU
		{C6A207C0-FCAE-4D73-BFD6-9E5CEF036D83}.Release|Any CPU.ActiveCfg = Release|Any CPU
		{C6A207C0-FCAE-4D73-BFD6-9E5CEF036D83}.Release|Any CPU.Build.0 = Release|Any CPU
		{588A59D4-F798-4106-A272-CDB81EDFA9A7}.Debug|Any CPU.ActiveCfg = Debug|Any CPU
		{588A59D4-F798-4106-A272-CDB81EDFA9A7}.Debug|Any CPU.Build.0 = Debug|Any CPU
		{588A59D4-F798-4106-A272-CDB81EDFA9A7}.Release|Any CPU.ActiveCfg = Release|Any CPU
		{588A59D4-F798-4106-A272-CDB81EDFA9A7}.Release|Any CPU.Build.0 = Release|Any CPU
		{8DA7D687-D970-471C-9E28-DEA4C6028C85}.Debug|Any CPU.ActiveCfg = Debug|Any CPU
		{8DA7D687-D970-471C-9E28-DEA4C6028C85}.Debug|Any CPU.Build.0 = Debug|Any CPU
		{8DA7D687-D970-471C-9E28-DEA4C6028C85}.Release|Any CPU.ActiveCfg = Release|Any CPU
		{8DA7D687-D970-471C-9E28-DEA4C6028C85}.Release|Any CPU.Build.0 = Release|Any CPU
		{4EAC53B4-91BA-4224-9224-3DE5EEC9C35D}.Debug|Any CPU.ActiveCfg = Debug|Any CPU
		{4EAC53B4-91BA-4224-9224-3DE5EEC9C35D}.Debug|Any CPU.Build.0 = Debug|Any CPU
		{4EAC53B4-91BA-4224-9224-3DE5EEC9C35D}.Release|Any CPU.ActiveCfg = Release|Any CPU
		{4EAC53B4-91BA-4224-9224-3DE5EEC9C35D}.Release|Any CPU.Build.0 = Release|Any CPU
	EndGlobalSection
	GlobalSection(SolutionProperties) = preSolution
		HideSolutionNode = FALSE
	EndGlobalSection
	GlobalSection(ExtensibilityGlobals) = postSolution
		SolutionGuid = {DE50B750-82DD-41F4-98DC-E98AACA367DB}
	EndGlobalSection
EndGlobal
